
Microsoft Visual Studio Solution File, Format Version 12.00
# Visual Studio Version 17
VisualStudioVersion = 17.6.33815.320
MinimumVisualStudioVersion = 10.0.40219.1
Project("{9A19103F-16F7-4668-BE54-9A1E7A4F7556}") = "Version", "Version\Version.csproj", "{70707A33-0D71-4A32-8A94-F4A5F686DFE6}"
EndProject
Project("{FAE04EC0-301F-11D3-BF4B-00C04F79EFBC}") = "KerwaUnitTest", "KerwaUnitTest\KerwaUnitTest.csproj", "{CE12B7C7-7018-4903-9CA6-C3F16802486A}"
EndProject
Global
	GlobalSection(SolutionConfigurationPlatforms) = preSolution
		Debug|Any CPU = Debug|Any CPU
		Release|Any CPU = Release|Any CPU
	EndGlobalSection
	GlobalSection(ProjectConfigurationPlatforms) = postSolution
		{70707A33-0D71-4A32-8A94-F4A5F686DFE6}.Debug|Any CPU.ActiveCfg = Debug|Any CPU
		{70707A33-0D71-4A32-8A94-F4A5F686DFE6}.Debug|Any CPU.Build.0 = Debug|Any CPU
		{70707A33-0D71-4A32-8A94-F4A5F686DFE6}.Release|Any CPU.ActiveCfg = Release|Any CPU
		{70707A33-0D71-4A32-8A94-F4A5F686DFE6}.Release|Any CPU.Build.0 = Release|Any CPU
		{CE12B7C7-7018-4903-9CA6-C3F16802486A}.Debug|Any CPU.ActiveCfg = Debug|Any CPU
		{CE12B7C7-7018-4903-9CA6-C3F16802486A}.Debug|Any CPU.Build.0 = Debug|Any CPU
		{CE12B7C7-7018-4903-9CA6-C3F16802486A}.Release|Any CPU.ActiveCfg = Release|Any CPU
		{CE12B7C7-7018-4903-9CA6-C3F16802486A}.Release|Any CPU.Build.0 = Release|Any CPU
	EndGlobalSection
	GlobalSection(SolutionProperties) = preSolution
		HideSolutionNode = FALSE
	EndGlobalSection
	GlobalSection(ExtensibilityGlobals) = postSolution
		SolutionGuid = {6B69E430-8843-4451-A7C4-9182E3498E4A}
	EndGlobalSection
EndGlobal
